
Microsoft Visual Studio Solution File, Format Version 12.00
# Visual Studio Version 17
VisualStudioVersion = 17.6.33829.357
MinimumVisualStudioVersion = 10.0.40219.1
Project("{2150E333-8FDC-42A3-9474-1A3956D46DE8}") = "Microservices", "Microservices", "{FFCCC215-A0FF-40C5-B1E7-3ADFB2913C10}"
EndProject
Project("{2150E333-8FDC-42A3-9474-1A3956D46DE8}") = "Domain", "Domain", "{48D7077B-D1EB-4FAE-A769-34822DB8E50B}"
EndProject
Project("{2150E333-8FDC-42A3-9474-1A3956D46DE8}") = "Infra.Bus", "Infra.Bus", "{16853111-CC26-4D9E-AB90-098CD0C04ED2}"
EndProject
Project("{2150E333-8FDC-42A3-9474-1A3956D46DE8}") = "Infra.IOC", "Infra.IOC", "{260DAFC7-7512-4E16-8C52-8D8FF472BF36}"
EndProject
Project("{2150E333-8FDC-42A3-9474-1A3956D46DE8}") = "Presentation", "Presentation", "{3C468C96-BCDE-4DDB-B246-BB8FD9D53D96}"
EndProject
Project("{9A19103F-16F7-4668-BE54-9A1E7A4F7556}") = "MicroRabbit.Domain.Core", "MicroRabbit.Domain.Core\MicroRabbit.Domain.Core.csproj", "{8FA1EDC8-ACFF-47A9-98F3-CFAD0CE50CF5}"
EndProject
Project("{9A19103F-16F7-4668-BE54-9A1E7A4F7556}") = "MicroRabbit.Infra.Bus", "MicroRabbit.Infra.Bus\MicroRabbit.Infra.Bus.csproj", "{95D27CE6-05E8-4CE3-BD05-218813E67950}"
EndProject
Project("{9A19103F-16F7-4668-BE54-9A1E7A4F7556}") = "MicroRabbit.Infra.IoC", "MicroRabbit.Infra.IoC\MicroRabbit.Infra.IoC.csproj", "{D51963E5-0195-4F30-99FA-E2A147FBE621}"
EndProject
Project("{2150E333-8FDC-42A3-9474-1A3956D46DE8}") = "Banking", "Banking", "{C7ADD84D-160E-4F60-8E9F-2EEFEE717C96}"
EndProject
Project("{2150E333-8FDC-42A3-9474-1A3956D46DE8}") = "API", "API", "{7C0884A3-1412-4797-9C52-6B1B6241607A}"
EndProject
Project("{2150E333-8FDC-42A3-9474-1A3956D46DE8}") = "Application", "Application", "{1A9A23FF-A02C-48DD-AE69-A6EA42C3536E}"
EndProject
Project("{2150E333-8FDC-42A3-9474-1A3956D46DE8}") = "SQLData", "SQLData", "{F19E330C-563D-4DCF-A556-C17D2FEB07A6}"
EndProject
Project("{2150E333-8FDC-42A3-9474-1A3956D46DE8}") = "Domain", "Domain", "{D7C06A9B-F217-4A6A-8C48-008AA4CF1806}"
EndProject
Project("{9A19103F-16F7-4668-BE54-9A1E7A4F7556}") = "MicroRabbit.Banking.Domain", "MicroRabbit.Banking.Domain\MicroRabbit.Banking.Domain.csproj", "{3FA3D10E-D793-4A3B-A970-D130093363DC}"
EndProject
Project("{9A19103F-16F7-4668-BE54-9A1E7A4F7556}") = "MicroRabbit.Banking.Data", "MicroRabbit.Banking.Data\MicroRabbit.Banking.Data.csproj", "{B6658C3D-13C9-42F7-AFD9-30DC61528884}"
EndProject
Project("{9A19103F-16F7-4668-BE54-9A1E7A4F7556}") = "MicroRabbit.Banking.Application", "MicroRabbit.Banking.Application\MicroRabbit.Banking.Application.csproj", "{6A6167BA-D44B-46CB-B5A8-7B9AB7C7904C}"
EndProject
Project("{FAE04EC0-301F-11D3-BF4B-00C04F79EFBC}") = "MicroRabbit.Banking.API", "MicroRabbit.Banking.API\MicroRabbit.Banking.API.csproj", "{32D4766C-C279-4F64-AD5C-8C4999FB6111}"
EndProject
Project("{2150E333-8FDC-42A3-9474-1A3956D46DE8}") = "Transfer", "Transfer", "{6C9D6BBD-4C09-43B3-826A-9E52891BDCCF}"
EndProject
Project("{2150E333-8FDC-42A3-9474-1A3956D46DE8}") = "API", "API", "{F4AEEF57-B41D-4DC9-AF37-308C39859DF6}"
EndProject
Project("{2150E333-8FDC-42A3-9474-1A3956D46DE8}") = "Application", "Application", "{8020EB5C-E0E4-4CE3-86C1-3ACF22CD336D}"
EndProject
Project("{2150E333-8FDC-42A3-9474-1A3956D46DE8}") = "Domain", "Domain", "{7F6C9C48-2025-42FA-A755-FC5541DC85E7}"
EndProject
Project("{2150E333-8FDC-42A3-9474-1A3956D46DE8}") = "SQLData", "SQLData", "{33895F28-7342-4EFB-861F-E2B3FCB15822}"
EndProject
Project("{FAE04EC0-301F-11D3-BF4B-00C04F79EFBC}") = "MicroRabbit.Transfer.Api", "MicroRabbit.Transfer.Api\MicroRabbit.Transfer.Api.csproj", "{5AFB72E2-FED5-4C8C-B260-459B10938F7F}"
EndProject
Project("{FAE04EC0-301F-11D3-BF4B-00C04F79EFBC}") = "MicroRabbit.Transfer.Application", "MicroRabbit.Transfer.Application\MicroRabbit.Transfer.Application.csproj", "{C4754DD6-49F6-4A32-A238-06C3DCB5643C}"
EndProject
Project("{FAE04EC0-301F-11D3-BF4B-00C04F79EFBC}") = "MicroRabbit.Transfer.SQLData", "MicroRabbit.Transfer.SQLData\MicroRabbit.Transfer.SQLData.csproj", "{5CD52A56-22D3-4175-8127-0B3B4F1C8749}"
EndProject
Project("{FAE04EC0-301F-11D3-BF4B-00C04F79EFBC}") = "MicroRabbit.Transfer.Domain", "MicroRabbit.Transfer.Domain\MicroRabbit.Transfer.Domain.csproj", "{14732D77-1236-41E2-B893-984B79BF81F2}"
EndProject
Global
	GlobalSection(SolutionConfigurationPlatforms) = preSolution
		Debug|Any CPU = Debug|Any CPU
		Release|Any CPU = Release|Any CPU
	EndGlobalSection
	GlobalSection(ProjectConfigurationPlatforms) = postSolution
		{8FA1EDC8-ACFF-47A9-98F3-CFAD0CE50CF5}.Debug|Any CPU.ActiveCfg = Debug|Any CPU
		{8FA1EDC8-ACFF-47A9-98F3-CFAD0CE50CF5}.Debug|Any CPU.Build.0 = Debug|Any CPU
		{8FA1EDC8-ACFF-47A9-98F3-CFAD0CE50CF5}.Release|Any CPU.ActiveCfg = Release|Any CPU
		{8FA1EDC8-ACFF-47A9-98F3-CFAD0CE50CF5}.Release|Any CPU.Build.0 = Release|Any CPU
		{95D27CE6-05E8-4CE3-BD05-218813E67950}.Debug|Any CPU.ActiveCfg = Debug|Any CPU
		{95D27CE6-05E8-4CE3-BD05-218813E67950}.Debug|Any CPU.Build.0 = Debug|Any CPU
		{95D27CE6-05E8-4CE3-BD05-218813E67950}.Release|Any CPU.ActiveCfg = Release|Any CPU
		{95D27CE6-05E8-4CE3-BD05-218813E67950}.Release|Any CPU.Build.0 = Release|Any CPU
		{D51963E5-0195-4F30-99FA-E2A147FBE621}.Debug|Any CPU.ActiveCfg = Debug|Any CPU
		{D51963E5-0195-4F30-99FA-E2A147FBE621}.Debug|Any CPU.Build.0 = Debug|Any CPU
		{D51963E5-0195-4F30-99FA-E2A147FBE621}.Release|Any CPU.ActiveCfg = Release|Any CPU
		{D51963E5-0195-4F30-99FA-E2A147FBE621}.Release|Any CPU.Build.0 = Release|Any CPU
		{3FA3D10E-D793-4A3B-A970-D130093363DC}.Debug|Any CPU.ActiveCfg = Debug|Any CPU
		{3FA3D10E-D793-4A3B-A970-D130093363DC}.Debug|Any CPU.Build.0 = Debug|Any CPU
		{3FA3D10E-D793-4A3B-A970-D130093363DC}.Release|Any CPU.ActiveCfg = Release|Any CPU
		{3FA3D10E-D793-4A3B-A970-D130093363DC}.Release|Any CPU.Build.0 = Release|Any CPU
		{B6658C3D-13C9-42F7-AFD9-30DC61528884}.Debug|Any CPU.ActiveCfg = Debug|Any CPU
		{B6658C3D-13C9-42F7-AFD9-30DC61528884}.Debug|Any CPU.Build.0 = Debug|Any CPU
		{B6658C3D-13C9-42F7-AFD9-30DC61528884}.Release|Any CPU.ActiveCfg = Release|Any CPU
		{B6658C3D-13C9-42F7-AFD9-30DC61528884}.Release|Any CPU.Build.0 = Release|Any CPU
		{6A6167BA-D44B-46CB-B5A8-7B9AB7C7904C}.Debug|Any CPU.ActiveCfg = Debug|Any CPU
		{6A6167BA-D44B-46CB-B5A8-7B9AB7C7904C}.Debug|Any CPU.Build.0 = Debug|Any CPU
		{6A6167BA-D44B-46CB-B5A8-7B9AB7C7904C}.Release|Any CPU.ActiveCfg = Release|Any CPU
		{6A6167BA-D44B-46CB-B5A8-7B9AB7C7904C}.Release|Any CPU.Build.0 = Release|Any CPU
		{32D4766C-C279-4F64-AD5C-8C4999FB6111}.Debug|Any CPU.ActiveCfg = Debug|Any CPU
		{32D4766C-C279-4F64-AD5C-8C4999FB6111}.Debug|Any CPU.Build.0 = Debug|Any CPU
		{32D4766C-C279-4F64-AD5C-8C4999FB6111}.Release|Any CPU.ActiveCfg = Release|Any CPU
		{32D4766C-C279-4F64-AD5C-8C4999FB6111}.Release|Any CPU.Build.0 = Release|Any CPU
		{5AFB72E2-FED5-4C8C-B260-459B10938F7F}.Debug|Any CPU.ActiveCfg = Debug|Any CPU
		{5AFB72E2-FED5-4C8C-B260-459B10938F7F}.Debug|Any CPU.Build.0 = Debug|Any CPU
		{5AFB72E2-FED5-4C8C-B260-459B10938F7F}.Release|Any CPU.ActiveCfg = Release|Any CPU
		{5AFB72E2-FED5-4C8C-B260-459B10938F7F}.Release|Any CPU.Build.0 = Release|Any CPU
		{C4754DD6-49F6-4A32-A238-06C3DCB5643C}.Debug|Any CPU.ActiveCfg = Debug|Any CPU
		{C4754DD6-49F6-4A32-A238-06C3DCB5643C}.Debug|Any CPU.Build.0 = Debug|Any CPU
		{C4754DD6-49F6-4A32-A238-06C3DCB5643C}.Release|Any CPU.ActiveCfg = Release|Any CPU
		{C4754DD6-49F6-4A32-A238-06C3DCB5643C}.Release|Any CPU.Build.0 = Release|Any CPU
		{5CD52A56-22D3-4175-8127-0B3B4F1C8749}.Debug|Any CPU.ActiveCfg = Debug|Any CPU
		{5CD52A56-22D3-4175-8127-0B3B4F1C8749}.Debug|Any CPU.Build.0 = Debug|Any CPU
		{5CD52A56-22D3-4175-8127-0B3B4F1C8749}.Release|Any CPU.ActiveCfg = Release|Any CPU
		{5CD52A56-22D3-4175-8127-0B3B4F1C8749}.Release|Any CPU.Build.0 = Release|Any CPU
		{14732D77-1236-41E2-B893-984B79BF81F2}.Debug|Any CPU.ActiveCfg = Debug|Any CPU
		{14732D77-1236-41E2-B893-984B79BF81F2}.Debug|Any CPU.Build.0 = Debug|Any CPU
		{14732D77-1236-41E2-B893-984B79BF81F2}.Release|Any CPU.ActiveCfg = Release|Any CPU
		{14732D77-1236-41E2-B893-984B79BF81F2}.Release|Any CPU.Build.0 = Release|Any CPU
	EndGlobalSection
	GlobalSection(SolutionProperties) = preSolution
		HideSolutionNode = FALSE
	EndGlobalSection
	GlobalSection(NestedProjects) = preSolution
		{8FA1EDC8-ACFF-47A9-98F3-CFAD0CE50CF5} = {48D7077B-D1EB-4FAE-A769-34822DB8E50B}
		{95D27CE6-05E8-4CE3-BD05-218813E67950} = {16853111-CC26-4D9E-AB90-098CD0C04ED2}
		{D51963E5-0195-4F30-99FA-E2A147FBE621} = {260DAFC7-7512-4E16-8C52-8D8FF472BF36}
		{C7ADD84D-160E-4F60-8E9F-2EEFEE717C96} = {FFCCC215-A0FF-40C5-B1E7-3ADFB2913C10}
		{7C0884A3-1412-4797-9C52-6B1B6241607A} = {C7ADD84D-160E-4F60-8E9F-2EEFEE717C96}
		{1A9A23FF-A02C-48DD-AE69-A6EA42C3536E} = {C7ADD84D-160E-4F60-8E9F-2EEFEE717C96}
		{F19E330C-563D-4DCF-A556-C17D2FEB07A6} = {C7ADD84D-160E-4F60-8E9F-2EEFEE717C96}
		{D7C06A9B-F217-4A6A-8C48-008AA4CF1806} = {C7ADD84D-160E-4F60-8E9F-2EEFEE717C96}
		{3FA3D10E-D793-4A3B-A970-D130093363DC} = {D7C06A9B-F217-4A6A-8C48-008AA4CF1806}
		{B6658C3D-13C9-42F7-AFD9-30DC61528884} = {F19E330C-563D-4DCF-A556-C17D2FEB07A6}
		{6A6167BA-D44B-46CB-B5A8-7B9AB7C7904C} = {1A9A23FF-A02C-48DD-AE69-A6EA42C3536E}
		{32D4766C-C279-4F64-AD5C-8C4999FB6111} = {7C0884A3-1412-4797-9C52-6B1B6241607A}
		{6C9D6BBD-4C09-43B3-826A-9E52891BDCCF} = {FFCCC215-A0FF-40C5-B1E7-3ADFB2913C10}
		{F4AEEF57-B41D-4DC9-AF37-308C39859DF6} = {6C9D6BBD-4C09-43B3-826A-9E52891BDCCF}
		{8020EB5C-E0E4-4CE3-86C1-3ACF22CD336D} = {6C9D6BBD-4C09-43B3-826A-9E52891BDCCF}
		{7F6C9C48-2025-42FA-A755-FC5541DC85E7} = {6C9D6BBD-4C09-43B3-826A-9E52891BDCCF}
		{33895F28-7342-4EFB-861F-E2B3FCB15822} = {6C9D6BBD-4C09-43B3-826A-9E52891BDCCF}
		{5AFB72E2-FED5-4C8C-B260-459B10938F7F} = {F4AEEF57-B41D-4DC9-AF37-308C39859DF6}
		{C4754DD6-49F6-4A32-A238-06C3DCB5643C} = {8020EB5C-E0E4-4CE3-86C1-3ACF22CD336D}
		{5CD52A56-22D3-4175-8127-0B3B4F1C8749} = {33895F28-7342-4EFB-861F-E2B3FCB15822}
		{14732D77-1236-41E2-B893-984B79BF81F2} = {7F6C9C48-2025-42FA-A755-FC5541DC85E7}
	EndGlobalSection
	GlobalSection(ExtensibilityGlobals) = postSolution
		SolutionGuid = {AD571576-5668-428A-A67E-A2BFA065F3B4}
	EndGlobalSection
EndGlobal
